
Microsoft Visual Studio Solution File, Format Version 12.00
# Visual Studio 15
VisualStudioVersion = 15.0.26228.9
MinimumVisualStudioVersion = 10.0.40219.1
Project("{FAE04EC0-301F-11D3-BF4B-00C04F79EFBC}") = "Prov_1", "Prov_1\Prov_1.csproj", "{0591AD90-2FAF-4FDE-B552-3C8875722456}"
EndProject
Global
	GlobalSection(SolutionConfigurationPlatforms) = preSolution
		Debug|Any CPU = Debug|Any CPU
		Release|Any CPU = Release|Any CPU
	EndGlobalSection
	GlobalSection(ProjectConfigurationPlatforms) = postSolution
		{0591AD90-2FAF-4FDE-B552-3C8875722456}.Debug|Any CPU.ActiveCfg = Debug|Any CPU
		{0591AD90-2FAF-4FDE-B552-3C8875722456}.Debug|Any CPU.Build.0 = Debug|Any CPU
		{0591AD90-2FAF-4FDE-B552-3C8875722456}.Release|Any CPU.ActiveCfg = Release|Any CPU
		{0591AD90-2FAF-4FDE-B552-3C8875722456}.Release|Any CPU.Build.0 = Release|Any CPU
	EndGlobalSection
	GlobalSection(SolutionProperties) = preSolution
		HideSolutionNode = FALSE
	EndGlobalSection
EndGlobal
